
Microsoft Visual Studio Solution File, Format Version 12.00
# Visual Studio Version 16
VisualStudioVersion = 16.0.30330.147
MinimumVisualStudioVersion = 10.0.40219.1
Project("{9A19103F-16F7-4668-BE54-9A1E7A4F7556}") = "TimeCalculator", "TimeCalculator\TimeCalculator.csproj", "{8CDB216A-F0A4-4A27-85CB-490F6A9514ED}"
EndProject
Project("{2150E333-8FDC-42A3-9474-1A3956D46DE8}") = "Solution Items", "Solution Items", "{3BC9E0B4-F273-4827-9B24-B882EE3E0EC5}"
	ProjectSection(SolutionItems) = preProject
		.editorconfig = .editorconfig
	EndProjectSection
EndProject
Project("{FAE04EC0-301F-11D3-BF4B-00C04F79EFBC}") = "TimeCalculator.UnitTests", "TimeCalculator.UnitTests\TimeCalculator.UnitTests.csproj", "{2FFDDBA7-AD81-4D37-9269-6940ABC68782}"
EndProject
Global
	GlobalSection(SolutionConfigurationPlatforms) = preSolution
		Debug|Any CPU = Debug|Any CPU
		Release|Any CPU = Release|Any CPU
	EndGlobalSection
	GlobalSection(ProjectConfigurationPlatforms) = postSolution
		{8CDB216A-F0A4-4A27-85CB-490F6A9514ED}.Debug|Any CPU.ActiveCfg = Debug|Any CPU
		{8CDB216A-F0A4-4A27-85CB-490F6A9514ED}.Debug|Any CPU.Build.0 = Debug|Any CPU
		{8CDB216A-F0A4-4A27-85CB-490F6A9514ED}.Release|Any CPU.ActiveCfg = Release|Any CPU
		{8CDB216A-F0A4-4A27-85CB-490F6A9514ED}.Release|Any CPU.Build.0 = Release|Any CPU
		{2FFDDBA7-AD81-4D37-9269-6940ABC68782}.Debug|Any CPU.ActiveCfg = Debug|Any CPU
		{2FFDDBA7-AD81-4D37-9269-6940ABC68782}.Debug|Any CPU.Build.0 = Debug|Any CPU
		{2FFDDBA7-AD81-4D37-9269-6940ABC68782}.Release|Any CPU.ActiveCfg = Release|Any CPU
		{2FFDDBA7-AD81-4D37-9269-6940ABC68782}.Release|Any CPU.Build.0 = Release|Any CPU
	EndGlobalSection
	GlobalSection(SolutionProperties) = preSolution
		HideSolutionNode = FALSE
	EndGlobalSection
	GlobalSection(ExtensibilityGlobals) = postSolution
		SolutionGuid = {06AE5977-7675-4795-9D08-48768E86A8AD}
	EndGlobalSection
EndGlobal
